
Microsoft Visual Studio Solution File, Format Version 12.00
# Visual Studio Version 17
VisualStudioVersion = 17.13.35825.156 d17.13
MinimumVisualStudioVersion = 10.0.40219.1
Project("{FAE04EC0-301F-11D3-BF4B-00C04F79EFBC}") = "B07ASPC11_Ecommerce", "B07ASPC11_Ecommerce\B07ASPC11_Ecommerce.csproj", "{B325445F-537B-46D4-82EA-C5C4E968909D}"
EndProject
Global
	GlobalSection(SolutionConfigurationPlatforms) = preSolution
		Debug|Any CPU = Debug|Any CPU
		Release|Any CPU = Release|Any CPU
	EndGlobalSection
	GlobalSection(ProjectConfigurationPlatforms) = postSolution
		{B325445F-537B-46D4-82EA-C5C4E968909D}.Debug|Any CPU.ActiveCfg = Debug|Any CPU
		{B325445F-537B-46D4-82EA-C5C4E968909D}.Debug|Any CPU.Build.0 = Debug|Any CPU
		{B325445F-537B-46D4-82EA-C5C4E968909D}.Release|Any CPU.ActiveCfg = Release|Any CPU
		{B325445F-537B-46D4-82EA-C5C4E968909D}.Release|Any CPU.Build.0 = Release|Any CPU
	EndGlobalSection
	GlobalSection(SolutionProperties) = preSolution
		HideSolutionNode = FALSE
	EndGlobalSection
	GlobalSection(ExtensibilityGlobals) = postSolution
		SolutionGuid = {B0892956-C2D2-4D3A-8445-F5868EB57EC5}
	EndGlobalSection
EndGlobal
